// !$*UTF8*$!
{
	archiveVersion = 1;
	classes = {
	};
	objectVersion = 50;
	objects = {

/* Begin PBXBuildFile section */
		E273E0AB2450A35E0077E51D /* AppDelegate.swift in Sources */ = {isa = PBXBuildFile; fileRef = E273E0AA2450A35E0077E51D /* AppDelegate.swift */; };
		E273E0AD2450A35E0077E51D /* SceneDelegate.swift in Sources */ = {isa = PBXBuildFile; fileRef = E273E0AC2450A35E0077E51D /* SceneDelegate.swift */; };
		E273E0AF2450A35E0077E51D /* ViewController.swift in Sources */ = {isa = PBXBuildFile; fileRef = E273E0AE2450A35E0077E51D /* ViewController.swift */; };
		E273E0B22450A35E0077E51D /* Main.storyboard in Resources */ = {isa = PBXBuildFile; fileRef = E273E0B02450A35E0077E51D /* Main.storyboard */; };
		E273E0B42450A3660077E51D /* Assets.xcassets in Resources */ = {isa = PBXBuildFile; fileRef = E273E0B32450A3660077E51D /* Assets.xcassets */; };
		E273E0B72450A3660077E51D /* LaunchScreen.storyboard in Resources */ = {isa = PBXBuildFile; fileRef = E273E0B52450A3660077E51D /* LaunchScreen.storyboard */; };
		E273E0C22450A3670077E51D /* CalculatorTests.swift in Sources */ = {isa = PBXBuildFile; fileRef = E273E0C12450A3670077E51D /* CalculatorTests.swift */; };
		E273E0CD2450A3670077E51D /* CalculatorUITests.swift in Sources */ = {isa = PBXBuildFile; fileRef = E273E0CC2450A3670077E51D /* CalculatorUITests.swift */; };
/* End PBXBuildFile section */

/* Begin PBXContainerItemProxy section */
		E273E0BE2450A3670077E51D /* PBXContainerItemProxy */ = {
			isa = PBXContainerItemProxy;
			containerPortal = E273E09F2450A35D0077E51D /* Project object */;
			proxyType = 1;
			remoteGlobalIDString = E273E0A62450A35E0077E51D;
			remoteInfo = Calculator;
		};
		E273E0C92450A3670077E51D /* PBXContainerItemProxy */ = {
			isa = PBXContainerItemProxy;
			containerPortal = E273E09F2450A35D0077E51D /* Project object */;
			proxyType = 1;
			remoteGlobalIDString = E273E0A62450A35E0077E51D;
			remoteInfo = Calculator;
		};
/* End PBXContainerItemProxy section */

/* Begin PBXFileReference section */
		E273E0A72450A35E0077E51D /* Calculator.app */ = {isa = PBXFileReference; explicitFileType = wrapper.application; includeInIndex = 0; path = Calculator.app; sourceTree = BUILT_PRODUCTS_DIR; };
		E273E0AA2450A35E0077E51D /* AppDelegate.swift */ = {isa = PBXFileReference; lastKnownFileType = sourcecode.swift; path = AppDelegate.swift; sourceTree = "<group>"; };
		E273E0AC2450A35E0077E51D /* SceneDelegate.swift */ = {isa = PBXFileReference; lastKnownFileType = sourcecode.swift; path = SceneDelegate.swift; sourceTree = "<group>"; };
		E273E0AE2450A35E0077E51D /* ViewController.swift */ = {isa = PBXFileReference; lastKnownFileType = sourcecode.swift; path = ViewController.swift; sourceTree = "<group>"; };
		E273E0B12450A35E0077E51D /* Base */ = {isa = PBXFileReference; lastKnownFileType = file.storyboard; name = Base; path = Base.lproj/Main.storyboard; sourceTree = "<group>"; };
		E273E0B32450A3660077E51D /* Assets.xcassets */ = {isa = PBXFileReference; lastKnownFileType = folder.assetcatalog; path = Assets.xcassets; sourceTree = "<group>"; };
		E273E0B62450A3660077E51D /* Base */ = {isa = PBXFileReference; lastKnownFileType = file.storyboard; name = Base; path = Base.lproj/LaunchScreen.storyboard; sourceTree = "<group>"; };
		E273E0B82450A3660077E51D /* Info.plist */ = {isa = PBXFileReference; lastKnownFileType = text.plist.xml; path = Info.plist; sourceTree = "<group>"; };
		E273E0BD2450A3670077E51D /* CalculatorTests.xctest */ = {isa = PBXFileReference; explicitFileType = wrapper.cfbundle; includeInIndex = 0; path = CalculatorTests.xctest; sourceTree = BUILT_PRODUCTS_DIR; };
		E273E0C12450A3670077E51D /* CalculatorTests.swift */ = {isa = PBXFileReference; lastKnownFileType = sourcecode.swift; path = CalculatorTests.swift; sourceTree = "<group>"; };
		E273E0C32450A3670077E51D /* Info.plist */ = {isa = PBXFileReference; lastKnownFileType = text.plist.xml; path = Info.plist; sourceTree = "<group>"; };
		E273E0C82450A3670077E51D /* CalculatorUITests.xctest */ = {isa = PBXFileReference; explicitFileType = wrapper.cfbundle; includeInIndex = 0; path = CalculatorUITests.xctest; sourceTree = BUILT_PRODUCTS_DIR; };
		E273E0CC2450A3670077E51D /* CalculatorUITests.swift */ = {isa = PBXFileReference; lastKnownFileType = sourcecode.swift; path = CalculatorUITests.swift; sourceTree = "<group>"; };
		E273E0CE2450A3670077E51D /* Info.plist */ = {isa = PBXFileReference; lastKnownFileType = text.plist.xml; path = Info.plist; sourceTree = "<group>"; };
/* End PBXFileReference section */

/* Begin PBXFrameworksBuildPhase section */
		E273E0A42450A35E0077E51D /* Frameworks */ = {
			isa = PBXFrameworksBuildPhase;
			buildActionMask = 2147483647;
			files = (
			);
			runOnlyForDeploymentPostprocessing = 0;
		};
		E273E0BA2450A3670077E51D /* Frameworks */ = {
			isa = PBXFrameworksBuildPhase;
			buildActionMask = 2147483647;
			files = (
			);
			runOnlyForDeploymentPostprocessing = 0;
		};
		E273E0C52450A3670077E51D /* Frameworks */ = {
			isa = PBXFrameworksBuildPhase;
			buildActionMask = 2147483647;
			files = (
			);
			runOnlyForDeploymentPostprocessing = 0;
		};
/* End PBXFrameworksBuildPhase section */

/* Begin PBXGroup section */
		E273E09E2450A35D0077E51D = {
			isa = PBXGroup;
			children = (
				E273E0A92450A35E0077E51D /* Calculator */,
				E273E0C02450A3670077E51D /* CalculatorTests */,
				E273E0CB2450A3670077E51D /* CalculatorUITests */,
				E273E0A82450A35E0077E51D /* Products */,
			);
			sourceTree = "<group>";
		};
		E273E0A82450A35E0077E51D /* Products */ = {
			isa = PBXGroup;
			children = (
				E273E0A72450A35E0077E51D /* Calculator.app */,
				E273E0BD2450A3670077E51D /* CalculatorTests.xctest */,
				E273E0C82450A3670077E51D /* CalculatorUITests.xctest */,
			);
			name = Products;
			sourceTree = "<group>";
		};
		E273E0A92450A35E0077E51D /* Calculator */ = {
			isa = PBXGroup;
			children = (
				E273E0AA2450A35E0077E51D /* AppDelegate.swift */,
				E273E0AC2450A35E0077E51D /* SceneDelegate.swift */,
				E273E0AE2450A35E0077E51D /* ViewController.swift */,
				E273E0B02450A35E0077E51D /* Main.storyboard */,
				E273E0B32450A3660077E51D /* Assets.xcassets */,
				E273E0B52450A3660077E51D /* LaunchScreen.storyboard */,
				E273E0B82450A3660077E51D /* Info.plist */,
			);
			path = Calculator;
			sourceTree = "<group>";
		};
		E273E0C02450A3670077E51D /* CalculatorTests */ = {
			isa = PBXGroup;
			children = (
				E273E0C12450A3670077E51D /* CalculatorTests.swift */,
				E273E0C32450A3670077E51D /* Info.plist */,
			);
			path = CalculatorTests;
			sourceTree = "<group>";
		};
		E273E0CB2450A3670077E51D /* CalculatorUITests */ = {
			isa = PBXGroup;
			children = (
				E273E0CC2450A3670077E51D /* CalculatorUITests.swift */,
				E273E0CE2450A3670077E51D /* Info.plist */,
			);
			path = CalculatorUITests;
			sourceTree = "<group>";
		};
/* End PBXGroup section */

/* Begin PBXNativeTarget section */
		E273E0A62450A35E0077E51D /* Calculator */ = {
			isa = PBXNativeTarget;
			buildConfigurationList = E273E0D12450A3670077E51D /* Build configuration list for PBXNativeTarget "Calculator" */;
			buildPhases = (
				E273E0A32450A35E0077E51D /* Sources */,
				E273E0A42450A35E0077E51D /* Frameworks */,
				E273E0A52450A35E0077E51D /* Resources */,
			);
			buildRules = (
			);
			dependencies = (
			);
			name = Calculator;
			productName = Calculator;
			productReference = E273E0A72450A35E0077E51D /* Calculator.app */;
			productType = "com.apple.product-type.application";
		};
		E273E0BC2450A3670077E51D /* CalculatorTests */ = {
			isa = PBXNativeTarget;
			buildConfigurationList = E273E0D42450A3670077E51D /* Build configuration list for PBXNativeTarget "CalculatorTests" */;
			buildPhases = (
				E273E0B92450A3670077E51D /* Sources */,
				E273E0BA2450A3670077E51D /* Frameworks */,
				E273E0BB2450A3670077E51D /* Resources */,
			);
			buildRules = (
			);
			dependencies = (
				E273E0BF2450A3670077E51D /* PBXTargetDependency */,
			);
			name = CalculatorTests;
			productName = CalculatorTests;
			productReference = E273E0BD2450A3670077E51D /* CalculatorTests.xctest */;
			productType = "com.apple.product-type.bundle.unit-test";
		};
		E273E0C72450A3670077E51D /* CalculatorUITests */ = {
			isa = PBXNativeTarget;
			buildConfigurationList = E273E0D72450A3670077E51D /* Build configuration list for PBXNativeTarget "CalculatorUITests" */;
			buildPhases = (
				E273E0C42450A3670077E51D /* Sources */,
				E273E0C52450A3670077E51D /* Frameworks */,
				E273E0C62450A3670077E51D /* Resources */,
			);
			buildRules = (
			);
			dependencies = (
				E273E0CA2450A3670077E51D /* PBXTargetDependency */,
			);
			name = CalculatorUITests;
			productName = CalculatorUITests;
			productReference = E273E0C82450A3670077E51D /* CalculatorUITests.xctest */;
			productType = "com.apple.product-type.bundle.ui-testing";
		};
/* End PBXNativeTarget section */

/* Begin PBXProject section */
		E273E09F2450A35D0077E51D /* Project object */ = {
			isa = PBXProject;
			attributes = {
				LastSwiftUpdateCheck = 1140;
				LastUpgradeCheck = 1140;
				ORGANIZATIONNAME = "Christopher Devito";
				TargetAttributes = {
					E273E0A62450A35E0077E51D = {
						CreatedOnToolsVersion = 11.4.1;
					};
					E273E0BC2450A3670077E51D = {
						CreatedOnToolsVersion = 11.4.1;
						TestTargetID = E273E0A62450A35E0077E51D;
					};
					E273E0C72450A3670077E51D = {
						CreatedOnToolsVersion = 11.4.1;
						TestTargetID = E273E0A62450A35E0077E51D;
					};
				};
			};
			buildConfigurationList = E273E0A22450A35D0077E51D /* Build configuration list for PBXProject "Calculator" */;
			compatibilityVersion = "Xcode 9.3";
			developmentRegion = en;
			hasScannedForEncodings = 0;
			knownRegions = (
				en,
				Base,
			);
			mainGroup = E273E09E2450A35D0077E51D;
			productRefGroup = E273E0A82450A35E0077E51D /* Products */;
			projectDirPath = "";
			projectRoot = "";
			targets = (
				E273E0A62450A35E0077E51D /* Calculator */,
				E273E0BC2450A3670077E51D /* CalculatorTests */,
				E273E0C72450A3670077E51D /* CalculatorUITests */,
			);
		};
/* End PBXProject section */

/* Begin PBXResourcesBuildPhase section */
		E273E0A52450A35E0077E51D /* Resources */ = {
			isa = PBXResourcesBuildPhase;
			buildActionMask = 2147483647;
			files = (
				E273E0B72450A3660077E51D /* LaunchScreen.storyboard in Resources */,
				E273E0B42450A3660077E51D /* Assets.xcassets in Resources */,
				E273E0B22450A35E0077E51D /* Main.storyboard in Resources */,
			);
			runOnlyForDeploymentPostprocessing = 0;
		};
		E273E0BB2450A3670077E51D /* Resources */ = {
			isa = PBXResourcesBuildPhase;
			buildActionMask = 2147483647;
			files = (
			);
			runOnlyForDeploymentPostprocessing = 0;
		};
		E273E0C62450A3670077E51D /* Resources */ = {
			isa = PBXResourcesBuildPhase;
			buildActionMask = 2147483647;
			files = (
			);
			runOnlyForDeploymentPostprocessing = 0;
		};
/* End PBXResourcesBuildPhase section */

/* Begin PBXSourcesBuildPhase section */
		E273E0A32450A35E0077E51D /* Sources */ = {
			isa = PBXSourcesBuildPhase;
			buildActionMask = 2147483647;
			files = (
				E273E0AF2450A35E0077E51D /* ViewController.swift in Sources */,
				E273E0AB2450A35E0077E51D /* AppDelegate.swift in Sources */,
				E273E0AD2450A35E0077E51D /* SceneDelegate.swift in Sources */,
			);
			runOnlyForDeploymentPostprocessing = 0;
		};
		E273E0B92450A3670077E51D /* Sources */ = {
			isa = PBXSourcesBuildPhase;
			buildActionMask = 2147483647;
			files = (
				E273E0C22450A3670077E51D /* CalculatorTests.swift in Sources */,
			);
			runOnlyForDeploymentPostprocessing = 0;
		};
		E273E0C42450A3670077E51D /* Sources */ = {
			isa = PBXSourcesBuildPhase;
			buildActionMask = 2147483647;
			files = (
				E273E0CD2450A3670077E51D /* CalculatorUITests.swift in Sources */,
			);
			runOnlyForDeploymentPostprocessing = 0;
		};
/* End PBXSourcesBuildPhase section */

/* Begin PBXTargetDependency section */
		E273E0BF2450A3670077E51D /* PBXTargetDependency */ = {
			isa = PBXTargetDependency;
			target = E273E0A62450A35E0077E51D /* Calculator */;
			targetProxy = E273E0BE2450A3670077E51D /* PBXContainerItemProxy */;
		};
		E273E0CA2450A3670077E51D /* PBXTargetDependency */ = {
			isa = PBXTargetDependency;
			target = E273E0A62450A35E0077E51D /* Calculator */;
			targetProxy = E273E0C92450A3670077E51D /* PBXContainerItemProxy */;
		};
/* End PBXTargetDependency section */

/* Begin PBXVariantGroup section */
		E273E0B02450A35E0077E51D /* Main.storyboard */ = {
			isa = PBXVariantGroup;
			children = (
				E273E0B12450A35E0077E51D /* Base */,
			);
			name = Main.storyboard;
			sourceTree = "<group>";
		};
		E273E0B52450A3660077E51D /* LaunchScreen.storyboard */ = {
			isa = PBXVariantGroup;
			children = (
				E273E0B62450A3660077E51D /* Base */,
			);
			name = LaunchScreen.storyboard;
			sourceTree = "<group>";
		};
/* End PBXVariantGroup section */

/* Begin XCBuildConfiguration section */
		E273E0CF2450A3670077E51D /* Debug */ = {
			isa = XCBuildConfiguration;
			buildSettings = {
				ALWAYS_SEARCH_USER_PATHS = NO;
				CLANG_ANALYZER_NONNULL = YES;
				CLANG_ANALYZER_NUMBER_OBJECT_CONVERSION = YES_AGGRESSIVE;
				CLANG_CXX_LANGUAGE_STANDARD = "gnu++14";
				CLANG_CXX_LIBRARY = "libc++";
				CLANG_ENABLE_MODULES = YES;
				CLANG_ENABLE_OBJC_ARC = YES;
				CLANG_ENABLE_OBJC_WEAK = YES;
				CLANG_WARN_BLOCK_CAPTURE_AUTORELEASING = YES;
				CLANG_WARN_BOOL_CONVERSION = YES;
				CLANG_WARN_COMMA = YES;
				CLANG_WARN_CONSTANT_CONVERSION = YES;
				CLANG_WARN_DEPRECATED_OBJC_IMPLEMENTATIONS = YES;
				CLANG_WARN_DIRECT_OBJC_ISA_USAGE = YES_ERROR;
				CLANG_WARN_DOCUMENTATION_COMMENTS = YES;
				CLANG_WARN_EMPTY_BODY = YES;
				CLANG_WARN_ENUM_CONVERSION = YES;
				CLANG_WARN_INFINITE_RECURSION = YES;
				CLANG_WARN_INT_CONVERSION = YES;
				CLANG_WARN_NON_LITERAL_NULL_CONVERSION = YES;
				CLANG_WARN_OBJC_IMPLICIT_RETAIN_SELF = YES;
				CLANG_WARN_OBJC_LITERAL_CONVERSION = YES;
				CLANG_WARN_OBJC_ROOT_CLASS = YES_ERROR;
				CLANG_WARN_RANGE_LOOP_ANALYSIS = YES;
				CLANG_WARN_STRICT_PROTOTYPES = YES;
				CLANG_WARN_SUSPICIOUS_MOVE = YES;
				CLANG_WARN_UNGUARDED_AVAILABILITY = YES_AGGRESSIVE;
				CLANG_WARN_UNREACHABLE_CODE = YES;
				CLANG_WARN__DUPLICATE_METHOD_MATCH = YES;
				COPY_PHASE_STRIP = NO;
				DEBUG_INFORMATION_FORMAT = dwarf;
				ENABLE_STRICT_OBJC_MSGSEND = YES;
				ENABLE_TESTABILITY = YES;
				GCC_C_LANGUAGE_STANDARD = gnu11;
				GCC_DYNAMIC_NO_PIC = NO;
				GCC_NO_COMMON_BLOCKS = YES;
				GCC_OPTIMIZATION_LEVEL = 0;
				GCC_PREPROCESSOR_DEFINITIONS = (
					"DEBUG=1",
					"$(inherited)",
				);
				GCC_WARN_64_TO_32_BIT_CONVERSION = YES;
				GCC_WARN_ABOUT_RETURN_TYPE = YES_ERROR;
				GCC_WARN_UNDECLARED_SELECTOR = YES;
				GCC_WARN_UNINITIALIZED_AUTOS = YES_AGGRESSIVE;
				GCC_WARN_UNUSED_FUNCTION = YES;
				GCC_WARN_UNUSED_VARIABLE = YES;
				IPHONEOS_DEPLOYMENT_TARGET = 13.4;
				MTL_ENABLE_DEBUG_INFO = INCLUDE_SOURCE;
				MTL_FAST_MATH = YES;
				ONLY_ACTIVE_ARCH = YES;
				SDKROOT = iphoneos;
				SWIFT_ACTIVE_COMPILATION_CONDITIONS = DEBUG;
				SWIFT_OPTIMIZATION_LEVEL = "-Onone";
			};
			name = Debug;
		};
		E273E0D02450A3670077E51D /* Release */ = {
			isa = XCBuildConfiguration;
			buildSettings = {
				ALWAYS_SEARCH_USER_PATHS = NO;
				CLANG_ANALYZER_NONNULL = YES;
				CLANG_ANALYZER_NUMBER_OBJECT_CONVERSION = YES_AGGRESSIVE;
				CLANG_CXX_LANGUAGE_STANDARD = "gnu++14";
				CLANG_CXX_LIBRARY = "libc++";
				CLANG_ENABLE_MODULES = YES;
				CLANG_ENABLE_OBJC_ARC = YES;
				CLANG_ENABLE_OBJC_WEAK = YES;
				CLANG_WARN_BLOCK_CAPTURE_AUTORELEASING = YES;
				CLANG_WARN_BOOL_CONVERSION = YES;
				CLANG_WARN_COMMA = YES;
				CLANG_WARN_CONSTANT_CONVERSION = YES;
				CLANG_WARN_DEPRECATED_OBJC_IMPLEMENTATIONS = YES;
				CLANG_WARN_DIRECT_OBJC_ISA_USAGE = YES_ERROR;
				CLANG_WARN_DOCUMENTATION_COMMENTS = YES;
				CLANG_WARN_EMPTY_BODY = YES;
				CLANG_WARN_ENUM_CONVERSION = YES;
				CLANG_WARN_INFINITE_RECURSION = YES;
				CLANG_WARN_INT_CONVERSION = YES;
				CLANG_WARN_NON_LITERAL_NULL_CONVERSION = YES;
				CLANG_WARN_OBJC_IMPLICIT_RETAIN_SELF = YES;
				CLANG_WARN_OBJC_LITERAL_CONVERSION = YES;
				CLANG_WARN_OBJC_ROOT_CLASS = YES_ERROR;
				CLANG_WARN_RANGE_LOOP_ANALYSIS = YES;
				CLANG_WARN_STRICT_PROTOTYPES = YES;
				CLANG_WARN_SUSPICIOUS_MOVE = YES;
				CLANG_WARN_UNGUARDED_AVAILABILITY = YES_AGGRESSIVE;
				CLANG_WARN_UNREACHABLE_CODE = YES;
				CLANG_WARN__DUPLICATE_METHOD_MATCH = YES;
				COPY_PHASE_STRIP = NO;
				DEBUG_INFORMATION_FORMAT = "dwarf-with-dsym";
				ENABLE_NS_ASSERTIONS = NO;
				ENABLE_STRICT_OBJC_MSGSEND = YES;
				GCC_C_LANGUAGE_STANDARD = gnu11;
				GCC_NO_COMMON_BLOCKS = YES;
				GCC_WARN_64_TO_32_BIT_CONVERSION = YES;
				GCC_WARN_ABOUT_RETURN_TYPE = YES_ERROR;
				GCC_WARN_UNDECLARED_SELECTOR = YES;
				GCC_WARN_UNINITIALIZED_AUTOS = YES_AGGRESSIVE;
				GCC_WARN_UNUSED_FUNCTION = YES;
				GCC_WARN_UNUSED_VARIABLE = YES;
				IPHONEOS_DEPLOYMENT_TARGET = 13.4;
				MTL_ENABLE_DEBUG_INFO = NO;
				MTL_FAST_MATH = YES;
				SDKROOT = iphoneos;
				SWIFT_COMPILATION_MODE = wholemodule;
				SWIFT_OPTIMIZATION_LEVEL = "-O";
				VALIDATE_PRODUCT = YES;
			};
			name = Release;
		};
		E273E0D22450A3670077E51D /* Debug */ = {
			isa = XCBuildConfiguration;
			buildSettings = {
				ASSETCATALOG_COMPILER_APPICON_NAME = AppIcon;
				CODE_SIGN_STYLE = Automatic;
				DEVELOPMENT_TEAM = 8825K9HH49;
				INFOPLIST_FILE = Calculator/Info.plist;
				LD_RUNPATH_SEARCH_PATHS = (
					"$(inherited)",
					"@executable_path/Frameworks",
				);
				PRODUCT_BUNDLE_IDENTIFIER = com.christopherdevito.Calculator;
				PRODUCT_NAME = "$(TARGET_NAME)";
				SWIFT_VERSION = 5.0;
				TARGETED_DEVICE_FAMILY = "1,2";
			};
			name = Debug;
		};
		E273E0D32450A3670077E51D /* Release */ = {
			isa = XCBuildConfiguration;
			buildSettings = {
				ASSETCATALOG_COMPILER_APPICON_NAME = AppIcon;
				CODE_SIGN_STYLE = Automatic;
				DEVELOPMENT_TEAM = 8825K9HH49;
				INFOPLIST_FILE = Calculator/Info.plist;
				LD_RUNPATH_SEARCH_PATHS = (
					"$(inherited)",
					"@executable_path/Frameworks",
				);
				PRODUCT_BUNDLE_IDENTIFIER = com.christopherdevito.Calculator;
				PRODUCT_NAME = "$(TARGET_NAME)";
				SWIFT_VERSION = 5.0;
				TARGETED_DEVICE_FAMILY = "1,2";
			};
			name = Release;
		};
		E273E0D52450A3670077E51D /* Debug */ = {
			isa = XCBuildConfiguration;
			buildSettings = {
				ALWAYS_EMBED_SWIFT_STANDARD_LIBRARIES = YES;
				BUNDLE_LOADER = "$(TEST_HOST)";
				CODE_SIGN_STYLE = Automatic;
				DEVELOPMENT_TEAM = 8825K9HH49;
				INFOPLIST_FILE = CalculatorTests/Info.plist;
				IPHONEOS_DEPLOYMENT_TARGET = 13.4;
				LD_RUNPATH_SEARCH_PATHS = (
					"$(inherited)",
					"@executable_path/Frameworks",
					"@loader_path/Frameworks",
				);
				PRODUCT_BUNDLE_IDENTIFIER = com.christopherdevito.CalculatorTests;
				PRODUCT_NAME = "$(TARGET_NAME)";
				SWIFT_VERSION = 5.0;
				TARGETED_DEVICE_FAMILY = "1,2";
				TEST_HOST = "$(BUILT_PRODUCTS_DIR)/Calculator.app/Calculator";
			};
			name = Debug;
		};
		E273E0D62450A3670077E51D /* Release */ = {
			isa = XCBuildConfiguration;
			buildSettings = {
				ALWAYS_EMBED_SWIFT_STANDARD_LIBRARIES = YES;
				BUNDLE_LOADER = "$(TEST_HOST)";
				CODE_SIGN_STYLE = Automatic;
				DEVELOPMENT_TEAM = 8825K9HH49;
				INFOPLIST_FILE = CalculatorTests/Info.plist;
				IPHONEOS_DEPLOYMENT_TARGET = 13.4;
				LD_RUNPATH_SEARCH_PATHS = (
					"$(inherited)",
					"@executable_path/Frameworks",
					"@loader_path/Frameworks",
				);
				PRODUCT_BUNDLE_IDENTIFIER = com.christopherdevito.CalculatorTests;
				PRODUCT_NAME = "$(TARGET_NAME)";
				SWIFT_VERSION = 5.0;
				TARGETED_DEVICE_FAMILY = "1,2";
				TEST_HOST = "$(BUILT_PRODUCTS_DIR)/Calculator.app/Calculator";
			};
			name = Release;
		};
		E273E0D82450A3670077E51D /* Debug */ = {
			isa = XCBuildConfiguration;
			buildSettings = {
				ALWAYS_EMBED_SWIFT_STANDARD_LIBRARIES = YES;
				CODE_SIGN_STYLE = Automatic;
				DEVELOPMENT_TEAM = 8825K9HH49;
				INFOPLIST_FILE = CalculatorUITests/Info.plist;
				LD_RUNPATH_SEARCH_PATHS = (
					"$(inherited)",
					"@executable_path/Frameworks",
					"@loader_path/Frameworks",
				);
				PRODUCT_BUNDLE_IDENTIFIER = com.christopherdevito.CalculatorUITests;
				PRODUCT_NAME = "$(TARGET_NAME)";
				SWIFT_VERSION = 5.0;
				TARGETED_DEVICE_FAMILY = "1,2";
				TEST_TARGET_NAME = Calculator;
			};
			name = Debug;
		};
		E273E0D92450A3670077E51D /* Release */ = {
			isa = XCBuildConfiguration;
			buildSettings = {
				ALWAYS_EMBED_SWIFT_STANDARD_LIBRARIES = YES;
				CODE_SIGN_STYLE = Automatic;
				DEVELOPMENT_TEAM = 8825K9HH49;
				INFOPLIST_FILE = CalculatorUITests/Info.plist;
				LD_RUNPATH_SEARCH_PATHS = (
					"$(inherited)",
					"@executable_path/Frameworks",
					"@loader_path/Frameworks",
				);
				PRODUCT_BUNDLE_IDENTIFIER = com.christopherdevito.CalculatorUITests;
				PRODUCT_NAME = "$(TARGET_NAME)";
				SWIFT_VERSION = 5.0;
				TARGETED_DEVICE_FAMILY = "1,2";
				TEST_TARGET_NAME = Calculator;
			};
			name = Release;
		};
/* End XCBuildConfiguration section */

/* Begin XCConfigurationList section */
		E273E0A22450A35D0077E51D /* Build configuration list for PBXProject "Calculator" */ = {
			isa = XCConfigurationList;
			buildConfigurations = (
				E273E0CF2450A3670077E51D /* Debug */,
				E273E0D02450A3670077E51D /* Release */,
			);
			defaultConfigurationIsVisible = 0;
			defaultConfigurationName = Release;
		};
		E273E0D12450A3670077E51D /* Build configuration list for PBXNativeTarget "Calculator" */ = {
			isa = XCConfigurationList;
			buildConfigurations = (
				E273E0D22450A3670077E51D /* Debug */,
				E273E0D32450A3670077E51D /* Release */,
			);
			defaultConfigurationIsVisible = 0;
			defaultConfigurationName = Release;
		};
		E273E0D42450A3670077E51D /* Build configuration list for PBXNativeTarget "CalculatorTests" */ = {
			isa = XCConfigurationList;
			buildConfigurations = (
				E273E0D52450A3670077E51D /* Debug */,
				E273E0D62450A3670077E51D /* Release */,
			);
			defaultConfigurationIsVisible = 0;
			defaultConfigurationName = Release;
		};
		E273E0D72450A3670077E51D /* Build configuration list for PBXNativeTarget "CalculatorUITests" */ = {
			isa = XCConfigurationList;
			buildConfigurations = (
				E273E0D82450A3670077E51D /* Debug */,
				E273E0D92450A3670077E51D /* Release */,
			);
			defaultConfigurationIsVisible = 0;
			defaultConfigurationName = Release;
		};
/* End XCConfigurationList section */
	};
	rootObject = E273E09F2450A35D0077E51D /* Project object */;
}
